
Microsoft Visual Studio Solution File, Format Version 12.00
# Visual Studio Version 17
VisualStudioVersion = 17.1.32228.430
MinimumVisualStudioVersion = 10.0.40219.1
Project("{FAE04EC0-301F-11D3-BF4B-00C04F79EFBC}") = "CopyGroupplugin", "CopyGroupplugin\CopyGroupplugin.csproj", "{4E9FDE9A-5326-4C33-853B-11EC47587A2C}"
EndProject
Global
	GlobalSection(SolutionConfigurationPlatforms) = preSolution
		Debug|Any CPU = Debug|Any CPU
		Release|Any CPU = Release|Any CPU
	EndGlobalSection
	GlobalSection(ProjectConfigurationPlatforms) = postSolution
		{4E9FDE9A-5326-4C33-853B-11EC47587A2C}.Debug|Any CPU.ActiveCfg = Debug|Any CPU
		{4E9FDE9A-5326-4C33-853B-11EC47587A2C}.Debug|Any CPU.Build.0 = Debug|Any CPU
		{4E9FDE9A-5326-4C33-853B-11EC47587A2C}.Release|Any CPU.ActiveCfg = Release|Any CPU
		{4E9FDE9A-5326-4C33-853B-11EC47587A2C}.Release|Any CPU.Build.0 = Release|Any CPU
	EndGlobalSection
	GlobalSection(SolutionProperties) = preSolution
		HideSolutionNode = FALSE
	EndGlobalSection
	GlobalSection(ExtensibilityGlobals) = postSolution
		SolutionGuid = {CD067EC3-90EE-40C3-88E8-DCC73F18BF25}
	EndGlobalSection
EndGlobal
